// !$*UTF8*$!
{
	archiveVersion = 1;
	classes = {
	};
	objectVersion = 46;
	objects = {

/* Begin PBXBuildFile section */
		BF536C931B90B81F0042D9A3 /* AppDelegate.swift in Sources */ = {isa = PBXBuildFile; fileRef = BF536C921B90B81F0042D9A3 /* AppDelegate.swift */; };
		BF536C961B90B81F0042D9A3 /* MapKit.xcdatamodeld in Sources */ = {isa = PBXBuildFile; fileRef = BF536C941B90B81F0042D9A3 /* MapKit.xcdatamodeld */; };
		BF536C981B90B81F0042D9A3 /* ViewController.swift in Sources */ = {isa = PBXBuildFile; fileRef = BF536C971B90B81F0042D9A3 /* ViewController.swift */; };
		BF536C9B1B90B81F0042D9A3 /* Main.storyboard in Resources */ = {isa = PBXBuildFile; fileRef = BF536C991B90B81F0042D9A3 /* Main.storyboard */; };
		BF536C9D1B90B81F0042D9A3 /* Images.xcassets in Resources */ = {isa = PBXBuildFile; fileRef = BF536C9C1B90B81F0042D9A3 /* Images.xcassets */; };
		BF536CA01B90B81F0042D9A3 /* LaunchScreen.xib in Resources */ = {isa = PBXBuildFile; fileRef = BF536C9E1B90B81F0042D9A3 /* LaunchScreen.xib */; };
		BF536CAC1B90B81F0042D9A3 /* MapKitTests.swift in Sources */ = {isa = PBXBuildFile; fileRef = BF536CAB1B90B81F0042D9A3 /* MapKitTests.swift */; };
/* End PBXBuildFile section */

/* Begin PBXContainerItemProxy section */
		BF536CA61B90B81F0042D9A3 /* PBXContainerItemProxy */ = {
			isa = PBXContainerItemProxy;
			containerPortal = BF536C851B90B81F0042D9A3 /* Project object */;
			proxyType = 1;
			remoteGlobalIDString = BF536C8C1B90B81F0042D9A3;
			remoteInfo = MapKit;
		};
/* End PBXContainerItemProxy section */

/* Begin PBXFileReference section */
		BF536C8D1B90B81F0042D9A3 /* MapKit.app */ = {isa = PBXFileReference; explicitFileType = wrapper.application; includeInIndex = 0; path = MapKit.app; sourceTree = BUILT_PRODUCTS_DIR; };
		BF536C911B90B81F0042D9A3 /* Info.plist */ = {isa = PBXFileReference; lastKnownFileType = text.plist.xml; path = Info.plist; sourceTree = "<group>"; };
		BF536C921B90B81F0042D9A3 /* AppDelegate.swift */ = {isa = PBXFileReference; lastKnownFileType = sourcecode.swift; path = AppDelegate.swift; sourceTree = "<group>"; };
		BF536C951B90B81F0042D9A3 /* MapKit.xcdatamodel */ = {isa = PBXFileReference; lastKnownFileType = wrapper.xcdatamodel; path = MapKit.xcdatamodel; sourceTree = "<group>"; };
		BF536C971B90B81F0042D9A3 /* ViewController.swift */ = {isa = PBXFileReference; lastKnownFileType = sourcecode.swift; path = ViewController.swift; sourceTree = "<group>"; };
		BF536C9A1B90B81F0042D9A3 /* Base */ = {isa = PBXFileReference; lastKnownFileType = file.storyboard; name = Base; path = Base.lproj/Main.storyboard; sourceTree = "<group>"; };
		BF536C9C1B90B81F0042D9A3 /* Images.xcassets */ = {isa = PBXFileReference; lastKnownFileType = folder.assetcatalog; path = Images.xcassets; sourceTree = "<group>"; };
		BF536C9F1B90B81F0042D9A3 /* Base */ = {isa = PBXFileReference; lastKnownFileType = file.xib; name = Base; path = Base.lproj/LaunchScreen.xib; sourceTree = "<group>"; };
		BF536CA51B90B81F0042D9A3 /* MapKitTests.xctest */ = {isa = PBXFileReference; explicitFileType = wrapper.cfbundle; includeInIndex = 0; path = MapKitTests.xctest; sourceTree = BUILT_PRODUCTS_DIR; };
		BF536CAA1B90B81F0042D9A3 /* Info.plist */ = {isa = PBXFileReference; lastKnownFileType = text.plist.xml; path = Info.plist; sourceTree = "<group>"; };
		BF536CAB1B90B81F0042D9A3 /* MapKitTests.swift */ = {isa = PBXFileReference; lastKnownFileType = sourcecode.swift; path = MapKitTests.swift; sourceTree = "<group>"; };
/* End PBXFileReference section */

/* Begin PBXFrameworksBuildPhase section */
		BF536C8A1B90B81F0042D9A3 /* Frameworks */ = {
			isa = PBXFrameworksBuildPhase;
			buildActionMask = 2147483647;
			files = (
			);
			runOnlyForDeploymentPostprocessing = 0;
		};
		BF536CA21B90B81F0042D9A3 /* Frameworks */ = {
			isa = PBXFrameworksBuildPhase;
			buildActionMask = 2147483647;
			files = (
			);
			runOnlyForDeploymentPostprocessing = 0;
		};
/* End PBXFrameworksBuildPhase section */

/* Begin PBXGroup section */
		BF536C841B90B81F0042D9A3 = {
			isa = PBXGroup;
			children = (
				BF536C8F1B90B81F0042D9A3 /* MapKit */,
				BF536CA81B90B81F0042D9A3 /* MapKitTests */,
				BF536C8E1B90B81F0042D9A3 /* Products */,
			);
			sourceTree = "<group>";
		};
		BF536C8E1B90B81F0042D9A3 /* Products */ = {
			isa = PBXGroup;
			children = (
				BF536C8D1B90B81F0042D9A3 /* MapKit.app */,
				BF536CA51B90B81F0042D9A3 /* MapKitTests.xctest */,
			);
			name = Products;
			sourceTree = "<group>";
		};
		BF536C8F1B90B81F0042D9A3 /* MapKit */ = {
			isa = PBXGroup;
			children = (
				BF536C921B90B81F0042D9A3 /* AppDelegate.swift */,
				BF536C971B90B81F0042D9A3 /* ViewController.swift */,
				BF536C991B90B81F0042D9A3 /* Main.storyboard */,
				BF536C9C1B90B81F0042D9A3 /* Images.xcassets */,
				BF536C9E1B90B81F0042D9A3 /* LaunchScreen.xib */,
				BF536C941B90B81F0042D9A3 /* MapKit.xcdatamodeld */,
				BF536C901B90B81F0042D9A3 /* Supporting Files */,
			);
			path = MapKit;
			sourceTree = "<group>";
		};
		BF536C901B90B81F0042D9A3 /* Supporting Files */ = {
			isa = PBXGroup;
			children = (
				BF536C911B90B81F0042D9A3 /* Info.plist */,
			);
			name = "Supporting Files";
			sourceTree = "<group>";
		};
		BF536CA81B90B81F0042D9A3 /* MapKitTests */ = {
			isa = PBXGroup;
			children = (
				BF536CAB1B90B81F0042D9A3 /* MapKitTests.swift */,
				BF536CA91B90B81F0042D9A3 /* Supporting Files */,
			);
			path = MapKitTests;
			sourceTree = "<group>";
		};
		BF536CA91B90B81F0042D9A3 /* Supporting Files */ = {
			isa = PBXGroup;
			children = (
				BF536CAA1B90B81F0042D9A3 /* Info.plist */,
			);
			name = "Supporting Files";
			sourceTree = "<group>";
		};
/* End PBXGroup section */

/* Begin PBXNativeTarget section */
		BF536C8C1B90B81F0042D9A3 /* MapKit */ = {
			isa = PBXNativeTarget;
			buildConfigurationList = BF536CAF1B90B81F0042D9A3 /* Build configuration list for PBXNativeTarget "MapKit" */;
			buildPhases = (
				BF536C891B90B81F0042D9A3 /* Sources */,
				BF536C8A1B90B81F0042D9A3 /* Frameworks */,
				BF536C8B1B90B81F0042D9A3 /* Resources */,
			);
			buildRules = (
			);
			dependencies = (
			);
			name = MapKit;
			productName = MapKit;
			productReference = BF536C8D1B90B81F0042D9A3 /* MapKit.app */;
			productType = "com.apple.product-type.application";
		};
		BF536CA41B90B81F0042D9A3 /* MapKitTests */ = {
			isa = PBXNativeTarget;
			buildConfigurationList = BF536CB21B90B81F0042D9A3 /* Build configuration list for PBXNativeTarget "MapKitTests" */;
			buildPhases = (
				BF536CA11B90B81F0042D9A3 /* Sources */,
				BF536CA21B90B81F0042D9A3 /* Frameworks */,
				BF536CA31B90B81F0042D9A3 /* Resources */,
			);
			buildRules = (
			);
			dependencies = (
				BF536CA71B90B81F0042D9A3 /* PBXTargetDependency */,
			);
			name = MapKitTests;
			productName = MapKitTests;
			productReference = BF536CA51B90B81F0042D9A3 /* MapKitTests.xctest */;
			productType = "com.apple.product-type.bundle.unit-test";
		};
/* End PBXNativeTarget section */

/* Begin PBXProject section */
		BF536C851B90B81F0042D9A3 /* Project object */ = {
			isa = PBXProject;
			attributes = {
				LastUpgradeCheck = 0640;
				ORGANIZATIONNAME = "Harold Kurth";
				TargetAttributes = {
					BF536C8C1B90B81F0042D9A3 = {
						CreatedOnToolsVersion = 6.4;
					};
					BF536CA41B90B81F0042D9A3 = {
						CreatedOnToolsVersion = 6.4;
						TestTargetID = BF536C8C1B90B81F0042D9A3;
					};
				};
			};
			buildConfigurationList = BF536C881B90B81F0042D9A3 /* Build configuration list for PBXProject "MapKit" */;
			compatibilityVersion = "Xcode 3.2";
			developmentRegion = English;
			hasScannedForEncodings = 0;
			knownRegions = (
				en,
				Base,
			);
			mainGroup = BF536C841B90B81F0042D9A3;
			productRefGroup = BF536C8E1B90B81F0042D9A3 /* Products */;
			projectDirPath = "";
			projectRoot = "";
			targets = (
				BF536C8C1B90B81F0042D9A3 /* MapKit */,
				BF536CA41B90B81F0042D9A3 /* MapKitTests */,
			);
		};
/* End PBXProject section */

/* Begin PBXResourcesBuildPhase section */
		BF536C8B1B90B81F0042D9A3 /* Resources */ = {
			isa = PBXResourcesBuildPhase;
			buildActionMask = 2147483647;
			files = (
				BF536C9B1B90B81F0042D9A3 /* Main.storyboard in Resources */,
				BF536CA01B90B81F0042D9A3 /* LaunchScreen.xib in Resources */,
				BF536C9D1B90B81F0042D9A3 /* Images.xcassets in Resources */,
			);
			runOnlyForDeploymentPostprocessing = 0;
		};
		BF536CA31B90B81F0042D9A3 /* Resources */ = {
			isa = PBXResourcesBuildPhase;
			buildActionMask = 2147483647;
			files = (
			);
			runOnlyForDeploymentPostprocessing = 0;
		};
/* End PBXResourcesBuildPhase section */

/* Begin PBXSourcesBuildPhase section */
		BF536C891B90B81F0042D9A3 /* Sources */ = {
			isa = PBXSourcesBuildPhase;
			buildActionMask = 2147483647;
			files = (
				BF536C981B90B81F0042D9A3 /* ViewController.swift in Sources */,
				BF536C931B90B81F0042D9A3 /* AppDelegate.swift in Sources */,
				BF536C961B90B81F0042D9A3 /* MapKit.xcdatamodeld in Sources */,
			);
			runOnlyForDeploymentPostprocessing = 0;
		};
		BF536CA11B90B81F0042D9A3 /* Sources */ = {
			isa = PBXSourcesBuildPhase;
			buildActionMask = 2147483647;
			files = (
				BF536CAC1B90B81F0042D9A3 /* MapKitTests.swift in Sources */,
			);
			runOnlyForDeploymentPostprocessing = 0;
		};
/* End PBXSourcesBuildPhase section */

/* Begin PBXTargetDependency section */
		BF536CA71B90B81F0042D9A3 /* PBXTargetDependency */ = {
			isa = PBXTargetDependency;
			target = BF536C8C1B90B81F0042D9A3 /* MapKit */;
			targetProxy = BF536CA61B90B81F0042D9A3 /* PBXContainerItemProxy */;
		};
/* End PBXTargetDependency section */

/* Begin PBXVariantGroup section */
		BF536C991B90B81F0042D9A3 /* Main.storyboard */ = {
			isa = PBXVariantGroup;
			children = (
				BF536C9A1B90B81F0042D9A3 /* Base */,
			);
			name = Main.storyboard;
			sourceTree = "<group>";
		};
		BF536C9E1B90B81F0042D9A3 /* LaunchScreen.xib */ = {
			isa = PBXVariantGroup;
			children = (
				BF536C9F1B90B81F0042D9A3 /* Base */,
			);
			name = LaunchScreen.xib;
			sourceTree = "<group>";
		};
/* End PBXVariantGroup section */

/* Begin XCBuildConfiguration section */
		BF536CAD1B90B81F0042D9A3 /* Debug */ = {
			isa = XCBuildConfiguration;
			buildSettings = {
				ALWAYS_SEARCH_USER_PATHS = NO;
				CLANG_CXX_LANGUAGE_STANDARD = "gnu++0x";
				CLANG_CXX_LIBRARY = "libc++";
				CLANG_ENABLE_MODULES = YES;
				CLANG_ENABLE_OBJC_ARC = YES;
				CLANG_WARN_BOOL_CONVERSION = YES;
				CLANG_WARN_CONSTANT_CONVERSION = YES;
				CLANG_WARN_DIRECT_OBJC_ISA_USAGE = YES_ERROR;
				CLANG_WARN_EMPTY_BODY = YES;
				CLANG_WARN_ENUM_CONVERSION = YES;
				CLANG_WARN_INT_CONVERSION = YES;
				CLANG_WARN_OBJC_ROOT_CLASS = YES_ERROR;
				CLANG_WARN_UNREACHABLE_CODE = YES;
				CLANG_WARN__DUPLICATE_METHOD_MATCH = YES;
				"CODE_SIGN_IDENTITY[sdk=iphoneos*]" = "iPhone Developer";
				COPY_PHASE_STRIP = NO;
				DEBUG_INFORMATION_FORMAT = "dwarf-with-dsym";
				ENABLE_STRICT_OBJC_MSGSEND = YES;
				GCC_C_LANGUAGE_STANDARD = gnu99;
				GCC_DYNAMIC_NO_PIC = NO;
				GCC_NO_COMMON_BLOCKS = YES;
				GCC_OPTIMIZATION_LEVEL = 0;
				GCC_PREPROCESSOR_DEFINITIONS = (
					"DEBUG=1",
					"$(inherited)",
				);
				GCC_SYMBOLS_PRIVATE_EXTERN = NO;
				GCC_WARN_64_TO_32_BIT_CONVERSION = YES;
				GCC_WARN_ABOUT_RETURN_TYPE = YES_ERROR;
				GCC_WARN_UNDECLARED_SELECTOR = YES;
				GCC_WARN_UNINITIALIZED_AUTOS = YES_AGGRESSIVE;
				GCC_WARN_UNUSED_FUNCTION = YES;
				GCC_WARN_UNUSED_VARIABLE = YES;
				IPHONEOS_DEPLOYMENT_TARGET = 8.4;
				MTL_ENABLE_DEBUG_INFO = YES;
				ONLY_ACTIVE_ARCH = YES;
				SDKROOT = iphoneos;
				SWIFT_OPTIMIZATION_LEVEL = "-Onone";
				TARGETED_DEVICE_FAMILY = "1,2";
			};
			name = Debug;
		};
		BF536CAE1B90B81F0042D9A3 /* Release */ = {
			isa = XCBuildConfiguration;
			buildSettings = {
				ALWAYS_SEARCH_USER_PATHS = NO;
				CLANG_CXX_LANGUAGE_STANDARD = "gnu++0x";
				CLANG_CXX_LIBRARY = "libc++";
				CLANG_ENABLE_MODULES = YES;
				CLANG_ENABLE_OBJC_ARC = YES;
				CLANG_WARN_BOOL_CONVERSION = YES;
				CLANG_WARN_CONSTANT_CONVERSION = YES;
				CLANG_WARN_DIRECT_OBJC_ISA_USAGE = YES_ERROR;
				CLANG_WARN_EMPTY_BODY = YES;
				CLANG_WARN_ENUM_CONVERSION = YES;
				CLANG_WARN_INT_CONVERSION = YES;
				CLANG_WARN_OBJC_ROOT_CLASS = YES_ERROR;
				CLANG_WARN_UNREACHABLE_CODE = YES;
				CLANG_WARN__DUPLICATE_METHOD_MATCH = YES;
				"CODE_SIGN_IDENTITY[sdk=iphoneos*]" = "iPhone Developer";
				COPY_PHASE_STRIP = NO;
				DEBUG_INFORMATION_FORMAT = "dwarf-with-dsym";
				ENABLE_NS_ASSERTIONS = NO;
				ENABLE_STRICT_OBJC_MSGSEND = YES;
				GCC_C_LANGUAGE_STANDARD = gnu99;
				GCC_NO_COMMON_BLOCKS = YES;
				GCC_WARN_64_TO_32_BIT_CONVERSION = YES;
				GCC_WARN_ABOUT_RETURN_TYPE = YES_ERROR;
				GCC_WARN_UNDECLARED_SELECTOR = YES;
				GCC_WARN_UNINITIALIZED_AUTOS = YES_AGGRESSIVE;
				GCC_WARN_UNUSED_FUNCTION = YES;
				GCC_WARN_UNUSED_VARIABLE = YES;
				IPHONEOS_DEPLOYMENT_TARGET = 8.4;
				MTL_ENABLE_DEBUG_INFO = NO;
				SDKROOT = iphoneos;
				TARGETED_DEVICE_FAMILY = "1,2";
				VALIDATE_PRODUCT = YES;
			};
			name = Release;
		};
		BF536CB01B90B81F0042D9A3 /* Debug */ = {
			isa = XCBuildConfiguration;
			buildSettings = {
				ASSETCATALOG_COMPILER_APPICON_NAME = AppIcon;
				INFOPLIST_FILE = MapKit/Info.plist;
				LD_RUNPATH_SEARCH_PATHS = "$(inherited) @executable_path/Frameworks";
				PRODUCT_NAME = "$(TARGET_NAME)";
			};
			name = Debug;
		};
		BF536CB11B90B81F0042D9A3 /* Release */ = {
			isa = XCBuildConfiguration;
			buildSettings = {
				ASSETCATALOG_COMPILER_APPICON_NAME = AppIcon;
				INFOPLIST_FILE = MapKit/Info.plist;
				LD_RUNPATH_SEARCH_PATHS = "$(inherited) @executable_path/Frameworks";
				PRODUCT_NAME = "$(TARGET_NAME)";
			};
			name = Release;
		};
		BF536CB31B90B81F0042D9A3 /* Debug */ = {
			isa = XCBuildConfiguration;
			buildSettings = {
				BUNDLE_LOADER = "$(TEST_HOST)";
				FRAMEWORK_SEARCH_PATHS = (
					"$(SDKROOT)/Developer/Library/Frameworks",
					"$(inherited)",
				);
				GCC_PREPROCESSOR_DEFINITIONS = (
					"DEBUG=1",
					"$(inherited)",
				);
				INFOPLIST_FILE = MapKitTests/Info.plist;
				LD_RUNPATH_SEARCH_PATHS = "$(inherited) @executable_path/Frameworks @loader_path/Frameworks";
				PRODUCT_NAME = "$(TARGET_NAME)";
				TEST_HOST = "$(BUILT_PRODUCTS_DIR)/MapKit.app/MapKit";
			};
			name = Debug;
		};
		BF536CB41B90B81F0042D9A3 /* Release */ = {
			isa = XCBuildConfiguration;
			buildSettings = {
				BUNDLE_LOADER = "$(TEST_HOST)";
				FRAMEWORK_SEARCH_PATHS = (
					"$(SDKROOT)/Developer/Library/Frameworks",
					"$(inherited)",
				);
				INFOPLIST_FILE = MapKitTests/Info.plist;
				LD_RUNPATH_SEARCH_PATHS = "$(inherited) @executable_path/Frameworks @loader_path/Frameworks";
				PRODUCT_NAME = "$(TARGET_NAME)";
				TEST_HOST = "$(BUILT_PRODUCTS_DIR)/MapKit.app/MapKit";
			};
			name = Release;
		};
/* End XCBuildConfiguration section */

/* Begin XCConfigurationList section */
		BF536C881B90B81F0042D9A3 /* Build configuration list for PBXProject "MapKit" */ = {
			isa = XCConfigurationList;
			buildConfigurations = (
				BF536CAD1B90B81F0042D9A3 /* Debug */,
				BF536CAE1B90B81F0042D9A3 /* Release */,
			);
			defaultConfigurationIsVisible = 0;
			defaultConfigurationName = Release;
		};
		BF536CAF1B90B81F0042D9A3 /* Build configuration list for PBXNativeTarget "MapKit" */ = {
			isa = XCConfigurationList;
			buildConfigurations = (
				BF536CB01B90B81F0042D9A3 /* Debug */,
				BF536CB11B90B81F0042D9A3 /* Release */,
			);
			defaultConfigurationIsVisible = 0;
		};
		BF536CB21B90B81F0042D9A3 /* Build configuration list for PBXNativeTarget "MapKitTests" */ = {
			isa = XCConfigurationList;
			buildConfigurations = (
				BF536CB31B90B81F0042D9A3 /* Debug */,
				BF536CB41B90B81F0042D9A3 /* Release */,
			);
			defaultConfigurationIsVisible = 0;
		};
/* End XCConfigurationList section */

/* Begin XCVersionGroup section */
		BF536C941B90B81F0042D9A3 /* MapKit.xcdatamodeld */ = {
			isa = XCVersionGroup;
			children = (
				BF536C951B90B81F0042D9A3 /* MapKit.xcdatamodel */,
			);
			currentVersion = BF536C951B90B81F0042D9A3 /* MapKit.xcdatamodel */;
			path = MapKit.xcdatamodeld;
			sourceTree = "<group>";
			versionGroupType = wrapper.xcdatamodel;
		};
/* End XCVersionGroup section */
	};
	rootObject = BF536C851B90B81F0042D9A3 /* Project object */;
}
